// !$*UTF8*$!
{
	archiveVersion = 1;
	classes = {
	};
	objectVersion = 46;
	objects = {

/* Begin PBXBuildFile section */
		78B979DCFFD25214A008BFF0 /* libPods.a in Frameworks */ = {isa = PBXBuildFile; fileRef = 540E9AAF7BC9C496EA39C213 /* libPods.a */; };
		D67F589D1CA3927600D081A2 /* main.m in Sources */ = {isa = PBXBuildFile; fileRef = D67F589C1CA3927600D081A2 /* main.m */; };
		D67F58A01CA3927600D081A2 /* AppDelegate.m in Sources */ = {isa = PBXBuildFile; fileRef = D67F589F1CA3927600D081A2 /* AppDelegate.m */; };
		D67F58A61CA3927600D081A2 /* Main.storyboard in Resources */ = {isa = PBXBuildFile; fileRef = D67F58A41CA3927600D081A2 /* Main.storyboard */; };
		D67F58A81CA3927600D081A2 /* Assets.xcassets in Resources */ = {isa = PBXBuildFile; fileRef = D67F58A71CA3927600D081A2 /* Assets.xcassets */; };
		D67F58AB1CA3927600D081A2 /* LaunchScreen.storyboard in Resources */ = {isa = PBXBuildFile; fileRef = D67F58A91CA3927600D081A2 /* LaunchScreen.storyboard */; };
		D67F58B61CA3927700D081A2 /* BuildingMaterialsTests.m in Sources */ = {isa = PBXBuildFile; fileRef = D67F58B51CA3927700D081A2 /* BuildingMaterialsTests.m */; };
		D67F58C11CA3927700D081A2 /* BuildingMaterialsUITests.m in Sources */ = {isa = PBXBuildFile; fileRef = D67F58C01CA3927700D081A2 /* BuildingMaterialsUITests.m */; };
		D67F58E01CA3951000D081A2 /* LFTabBar.m in Sources */ = {isa = PBXBuildFile; fileRef = D67F58DD1CA3951000D081A2 /* LFTabBar.m */; };
		D67F58E11CA3951000D081A2 /* LFTabBarButton.m in Sources */ = {isa = PBXBuildFile; fileRef = D67F58DF1CA3951000D081A2 /* LFTabBarButton.m */; };
		D67F58E41CA3951E00D081A2 /* LFTabBarController.m in Sources */ = {isa = PBXBuildFile; fileRef = D67F58E31CA3951E00D081A2 /* LFTabBarController.m */; };
		D67F58E71CA397B800D081A2 /* LFNavigationController.m in Sources */ = {isa = PBXBuildFile; fileRef = D67F58E61CA397B800D081A2 /* LFNavigationController.m */; };
		D67F58EA1CA39ECB00D081A2 /* HomePageController.m in Sources */ = {isa = PBXBuildFile; fileRef = D67F58E91CA39ECB00D081A2 /* HomePageController.m */; };
		D67F58ED1CA39FFB00D081A2 /* BaseController.m in Sources */ = {isa = PBXBuildFile; fileRef = D67F58EC1CA39FFB00D081A2 /* BaseController.m */; };
		D67F58F01CA3A69C00D081A2 /* ImagePlayerView.m in Sources */ = {isa = PBXBuildFile; fileRef = D67F58EF1CA3A69C00D081A2 /* ImagePlayerView.m */; };
		D67F59011CA3BB6300D081A2 /* ca7.png in Resources */ = {isa = PBXBuildFile; fileRef = D67F58FA1CA3BB6300D081A2 /* ca7.png */; };
		D67F59021CA3BB6300D081A2 /* ca2.png in Resources */ = {isa = PBXBuildFile; fileRef = D67F58FB1CA3BB6300D081A2 /* ca2.png */; };
		D67F59031CA3BB6300D081A2 /* ca4.png in Resources */ = {isa = PBXBuildFile; fileRef = D67F58FC1CA3BB6300D081A2 /* ca4.png */; };
		D67F59041CA3BB6300D081A2 /* ca5.png in Resources */ = {isa = PBXBuildFile; fileRef = D67F58FD1CA3BB6300D081A2 /* ca5.png */; };
		D67F59051CA3BB6300D081A2 /* ca3.png in Resources */ = {isa = PBXBuildFile; fileRef = D67F58FE1CA3BB6300D081A2 /* ca3.png */; };
		D67F59061CA3BB6300D081A2 /* ca1.png in Resources */ = {isa = PBXBuildFile; fileRef = D67F58FF1CA3BB6300D081A2 /* ca1.png */; };
		D67F59071CA3BB6300D081A2 /* ca6.png in Resources */ = {isa = PBXBuildFile; fileRef = D67F59001CA3BB6300D081A2 /* ca6.png */; };
		D67F59091CA3BBBB00D081A2 /* ca8.png in Resources */ = {isa = PBXBuildFile; fileRef = D67F59081CA3BBBB00D081A2 /* ca8.png */; };
		D67F590C1CA3C19F00D081A2 /* TestControllerViewController.m in Sources */ = {isa = PBXBuildFile; fileRef = D67F590B1CA3C19F00D081A2 /* TestControllerViewController.m */; };
		D67F59101CA3C9C900D081A2 /* ad3.jpg in Resources */ = {isa = PBXBuildFile; fileRef = D67F590D1CA3C9C900D081A2 /* ad3.jpg */; };
		D67F59111CA3C9C900D081A2 /* ad2.jpg in Resources */ = {isa = PBXBuildFile; fileRef = D67F590E1CA3C9C900D081A2 /* ad2.jpg */; };
		D67F59121CA3C9C900D081A2 /* ad1.jpg in Resources */ = {isa = PBXBuildFile; fileRef = D67F590F1CA3C9C900D081A2 /* ad1.jpg */; };
		D67F59141CA3CDDD00D081A2 /* nav_bg_clear.png in Resources */ = {isa = PBXBuildFile; fileRef = D67F59131CA3CDDD00D081A2 /* nav_bg_clear.png */; };
		D67F59161CA3CEDE00D081A2 /* nav_bgr.png in Resources */ = {isa = PBXBuildFile; fileRef = D67F59151CA3CEDE00D081A2 /* nav_bgr.png */; };
		D67F59181CA3D4EF00D081A2 /* view_bg.png in Resources */ = {isa = PBXBuildFile; fileRef = D67F59171CA3D4EF00D081A2 /* view_bg.png */; };
		D67F591B1CA3D5E300D081A2 /* StoreController.m in Sources */ = {isa = PBXBuildFile; fileRef = D67F591A1CA3D5E300D081A2 /* StoreController.m */; };
		D67F591E1CA3D5F000D081A2 /* FinderController.m in Sources */ = {isa = PBXBuildFile; fileRef = D67F591D1CA3D5F000D081A2 /* FinderController.m */; };
		D67F59211CA3D60800D081A2 /* PersonCenterController.m in Sources */ = {isa = PBXBuildFile; fileRef = D67F59201CA3D60800D081A2 /* PersonCenterController.m */; };
		D67F59241CA3D62300D081A2 /* CategeroyController.m in Sources */ = {isa = PBXBuildFile; fileRef = D67F59231CA3D62300D081A2 /* CategeroyController.m */; };
/* End PBXBuildFile section */

/* Begin PBXContainerItemProxy section */
		D67F58B21CA3927700D081A2 /* PBXContainerItemProxy */ = {
			isa = PBXContainerItemProxy;
			containerPortal = D67F58901CA3927600D081A2 /* Project object */;
			proxyType = 1;
			remoteGlobalIDString = D67F58971CA3927600D081A2;
			remoteInfo = BuildingMaterials;
		};
		D67F58BD1CA3927700D081A2 /* PBXContainerItemProxy */ = {
			isa = PBXContainerItemProxy;
			containerPortal = D67F58901CA3927600D081A2 /* Project object */;
			proxyType = 1;
			remoteGlobalIDString = D67F58971CA3927600D081A2;
			remoteInfo = BuildingMaterials;
		};
/* End PBXContainerItemProxy section */

/* Begin PBXFileReference section */
		540E9AAF7BC9C496EA39C213 /* libPods.a */ = {isa = PBXFileReference; explicitFileType = archive.ar; includeInIndex = 0; path = libPods.a; sourceTree = BUILT_PRODUCTS_DIR; };
		B95C483609831C6B5D353454 /* Pods.release.xcconfig */ = {isa = PBXFileReference; includeInIndex = 1; lastKnownFileType = text.xcconfig; name = Pods.release.xcconfig; path = "Pods/Target Support Files/Pods/Pods.release.xcconfig"; sourceTree = "<group>"; };
		D17AB49C4753FC274EAB5FD8 /* Pods.debug.xcconfig */ = {isa = PBXFileReference; includeInIndex = 1; lastKnownFileType = text.xcconfig; name = Pods.debug.xcconfig; path = "Pods/Target Support Files/Pods/Pods.debug.xcconfig"; sourceTree = "<group>"; };
		D67F58981CA3927600D081A2 /* BuildingMaterials.app */ = {isa = PBXFileReference; explicitFileType = wrapper.application; includeInIndex = 0; path = BuildingMaterials.app; sourceTree = BUILT_PRODUCTS_DIR; };
		D67F589C1CA3927600D081A2 /* main.m */ = {isa = PBXFileReference; lastKnownFileType = sourcecode.c.objc; path = main.m; sourceTree = "<group>"; };
		D67F589E1CA3927600D081A2 /* AppDelegate.h */ = {isa = PBXFileReference; lastKnownFileType = sourcecode.c.h; path = AppDelegate.h; sourceTree = "<group>"; };
		D67F589F1CA3927600D081A2 /* AppDelegate.m */ = {isa = PBXFileReference; lastKnownFileType = sourcecode.c.objc; path = AppDelegate.m; sourceTree = "<group>"; };
		D67F58A51CA3927600D081A2 /* Base */ = {isa = PBXFileReference; lastKnownFileType = file.storyboard; name = Base; path = Base.lproj/Main.storyboard; sourceTree = "<group>"; };
		D67F58A71CA3927600D081A2 /* Assets.xcassets */ = {isa = PBXFileReference; lastKnownFileType = folder.assetcatalog; path = Assets.xcassets; sourceTree = "<group>"; };
		D67F58AA1CA3927600D081A2 /* Base */ = {isa = PBXFileReference; lastKnownFileType = file.storyboard; name = Base; path = Base.lproj/LaunchScreen.storyboard; sourceTree = "<group>"; };
		D67F58AC1CA3927600D081A2 /* Info.plist */ = {isa = PBXFileReference; lastKnownFileType = text.plist.xml; path = Info.plist; sourceTree = "<group>"; };
		D67F58B11CA3927700D081A2 /* BuildingMaterialsTests.xctest */ = {isa = PBXFileReference; explicitFileType = wrapper.cfbundle; includeInIndex = 0; path = BuildingMaterialsTests.xctest; sourceTree = BUILT_PRODUCTS_DIR; };
		D67F58B51CA3927700D081A2 /* BuildingMaterialsTests.m */ = {isa = PBXFileReference; lastKnownFileType = sourcecode.c.objc; path = BuildingMaterialsTests.m; sourceTree = "<group>"; };
		D67F58B71CA3927700D081A2 /* Info.plist */ = {isa = PBXFileReference; lastKnownFileType = text.plist.xml; path = Info.plist; sourceTree = "<group>"; };
		D67F58BC1CA3927700D081A2 /* BuildingMaterialsUITests.xctest */ = {isa = PBXFileReference; explicitFileType = wrapper.cfbundle; includeInIndex = 0; path = BuildingMaterialsUITests.xctest; sourceTree = BUILT_PRODUCTS_DIR; };
		D67F58C01CA3927700D081A2 /* BuildingMaterialsUITests.m */ = {isa = PBXFileReference; lastKnownFileType = sourcecode.c.objc; path = BuildingMaterialsUITests.m; sourceTree = "<group>"; };
		D67F58C21CA3927700D081A2 /* Info.plist */ = {isa = PBXFileReference; lastKnownFileType = text.plist.xml; path = Info.plist; sourceTree = "<group>"; };
		D67F58DC1CA3951000D081A2 /* LFTabBar.h */ = {isa = PBXFileReference; fileEncoding = 4; lastKnownFileType = sourcecode.c.h; path = LFTabBar.h; sourceTree = "<group>"; };
		D67F58DD1CA3951000D081A2 /* LFTabBar.m */ = {isa = PBXFileReference; fileEncoding = 4; lastKnownFileType = sourcecode.c.objc; path = LFTabBar.m; sourceTree = "<group>"; };
		D67F58DE1CA3951000D081A2 /* LFTabBarButton.h */ = {isa = PBXFileReference; fileEncoding = 4; lastKnownFileType = sourcecode.c.h; path = LFTabBarButton.h; sourceTree = "<group>"; };
		D67F58DF1CA3951000D081A2 /* LFTabBarButton.m */ = {isa = PBXFileReference; fileEncoding = 4; lastKnownFileType = sourcecode.c.objc; path = LFTabBarButton.m; sourceTree = "<group>"; };
		D67F58E21CA3951E00D081A2 /* LFTabBarController.h */ = {isa = PBXFileReference; fileEncoding = 4; lastKnownFileType = sourcecode.c.h; path = LFTabBarController.h; sourceTree = "<group>"; };
		D67F58E31CA3951E00D081A2 /* LFTabBarController.m */ = {isa = PBXFileReference; fileEncoding = 4; lastKnownFileType = sourcecode.c.objc; path = LFTabBarController.m; sourceTree = "<group>"; };
		D67F58E51CA397B800D081A2 /* LFNavigationController.h */ = {isa = PBXFileReference; fileEncoding = 4; lastKnownFileType = sourcecode.c.h; path = LFNavigationController.h; sourceTree = "<group>"; };
		D67F58E61CA397B800D081A2 /* LFNavigationController.m */ = {isa = PBXFileReference; fileEncoding = 4; lastKnownFileType = sourcecode.c.objc; path = LFNavigationController.m; sourceTree = "<group>"; };
		D67F58E81CA39ECB00D081A2 /* HomePageController.h */ = {isa = PBXFileReference; fileEncoding = 4; lastKnownFileType = sourcecode.c.h; path = HomePageController.h; sourceTree = "<group>"; };
		D67F58E91CA39ECB00D081A2 /* HomePageController.m */ = {isa = PBXFileReference; fileEncoding = 4; lastKnownFileType = sourcecode.c.objc; path = HomePageController.m; sourceTree = "<group>"; };
		D67F58EB1CA39FFB00D081A2 /* BaseController.h */ = {isa = PBXFileReference; fileEncoding = 4; lastKnownFileType = sourcecode.c.h; path = BaseController.h; sourceTree = "<group>"; };
		D67F58EC1CA39FFB00D081A2 /* BaseController.m */ = {isa = PBXFileReference; fileEncoding = 4; lastKnownFileType = sourcecode.c.objc; path = BaseController.m; sourceTree = "<group>"; };
		D67F58EE1CA3A69C00D081A2 /* ImagePlayerView.h */ = {isa = PBXFileReference; fileEncoding = 4; lastKnownFileType = sourcecode.c.h; path = ImagePlayerView.h; sourceTree = "<group>"; };
		D67F58EF1CA3A69C00D081A2 /* ImagePlayerView.m */ = {isa = PBXFileReference; fileEncoding = 4; lastKnownFileType = sourcecode.c.objc; path = ImagePlayerView.m; sourceTree = "<group>"; };
		D67F58F61CA3A8F700D081A2 /* Macros.h */ = {isa = PBXFileReference; lastKnownFileType = sourcecode.c.h; path = Macros.h; sourceTree = "<group>"; };
		D67F58F71CA3A96800D081A2 /* PrefixHeader.pch */ = {isa = PBXFileReference; fileEncoding = 4; lastKnownFileType = sourcecode.c.h; path = PrefixHeader.pch; sourceTree = "<group>"; };
		D67F58FA1CA3BB6300D081A2 /* ca7.png */ = {isa = PBXFileReference; lastKnownFileType = image.png; path = ca7.png; sourceTree = "<group>"; };
		D67F58FB1CA3BB6300D081A2 /* ca2.png */ = {isa = PBXFileReference; lastKnownFileType = image.png; path = ca2.png; sourceTree = "<group>"; };
		D67F58FC1CA3BB6300D081A2 /* ca4.png */ = {isa = PBXFileReference; lastKnownFileType = image.png; path = ca4.png; sourceTree = "<group>"; };
		D67F58FD1CA3BB6300D081A2 /* ca5.png */ = {isa = PBXFileReference; lastKnownFileType = image.png; path = ca5.png; sourceTree = "<group>"; };
		D67F58FE1CA3BB6300D081A2 /* ca3.png */ = {isa = PBXFileReference; lastKnownFileType = image.png; path = ca3.png; sourceTree = "<group>"; };
		D67F58FF1CA3BB6300D081A2 /* ca1.png */ = {isa = PBXFileReference; lastKnownFileType = image.png; path = ca1.png; sourceTree = "<group>"; };
		D67F59001CA3BB6300D081A2 /* ca6.png */ = {isa = PBXFileReference; lastKnownFileType = image.png; path = ca6.png; sourceTree = "<group>"; };
		D67F59081CA3BBBB00D081A2 /* ca8.png */ = {isa = PBXFileReference; lastKnownFileType = image.png; path = ca8.png; sourceTree = "<group>"; };
		D67F590A1CA3C19F00D081A2 /* TestControllerViewController.h */ = {isa = PBXFileReference; fileEncoding = 4; lastKnownFileType = sourcecode.c.h; path = TestControllerViewController.h; sourceTree = "<group>"; };
		D67F590B1CA3C19F00D081A2 /* TestControllerViewController.m */ = {isa = PBXFileReference; fileEncoding = 4; lastKnownFileType = sourcecode.c.objc; path = TestControllerViewController.m; sourceTree = "<group>"; };
		D67F590D1CA3C9C900D081A2 /* ad3.jpg */ = {isa = PBXFileReference; lastKnownFileType = image.jpeg; path = ad3.jpg; sourceTree = "<group>"; };
		D67F590E1CA3C9C900D081A2 /* ad2.jpg */ = {isa = PBXFileReference; lastKnownFileType = image.jpeg; path = ad2.jpg; sourceTree = "<group>"; };
		D67F590F1CA3C9C900D081A2 /* ad1.jpg */ = {isa = PBXFileReference; lastKnownFileType = image.jpeg; path = ad1.jpg; sourceTree = "<group>"; };
		D67F59131CA3CDDD00D081A2 /* nav_bg_clear.png */ = {isa = PBXFileReference; lastKnownFileType = image.png; path = nav_bg_clear.png; sourceTree = "<group>"; };
		D67F59151CA3CEDE00D081A2 /* nav_bgr.png */ = {isa = PBXFileReference; lastKnownFileType = image.png; path = nav_bgr.png; sourceTree = "<group>"; };
		D67F59171CA3D4EF00D081A2 /* view_bg.png */ = {isa = PBXFileReference; lastKnownFileType = image.png; path = view_bg.png; sourceTree = "<group>"; };
		D67F59191CA3D5E300D081A2 /* StoreController.h */ = {isa = PBXFileReference; fileEncoding = 4; lastKnownFileType = sourcecode.c.h; name = StoreController.h; path = ../categeroy/StoreController.h; sourceTree = "<group>"; };
		D67F591A1CA3D5E300D081A2 /* StoreController.m */ = {isa = PBXFileReference; fileEncoding = 4; lastKnownFileType = sourcecode.c.objc; name = StoreController.m; path = ../categeroy/StoreController.m; sourceTree = "<group>"; };
		D67F591C1CA3D5F000D081A2 /* FinderController.h */ = {isa = PBXFileReference; fileEncoding = 4; lastKnownFileType = sourcecode.c.h; path = FinderController.h; sourceTree = "<group>"; };
		D67F591D1CA3D5F000D081A2 /* FinderController.m */ = {isa = PBXFileReference; fileEncoding = 4; lastKnownFileType = sourcecode.c.objc; path = FinderController.m; sourceTree = "<group>"; };
		D67F591F1CA3D60800D081A2 /* PersonCenterController.h */ = {isa = PBXFileReference; fileEncoding = 4; lastKnownFileType = sourcecode.c.h; path = PersonCenterController.h; sourceTree = "<group>"; };
		D67F59201CA3D60800D081A2 /* PersonCenterController.m */ = {isa = PBXFileReference; fileEncoding = 4; lastKnownFileType = sourcecode.c.objc; path = PersonCenterController.m; sourceTree = "<group>"; };
		D67F59221CA3D62300D081A2 /* CategeroyController.h */ = {isa = PBXFileReference; fileEncoding = 4; lastKnownFileType = sourcecode.c.h; path = CategeroyController.h; sourceTree = "<group>"; };
		D67F59231CA3D62300D081A2 /* CategeroyController.m */ = {isa = PBXFileReference; fileEncoding = 4; lastKnownFileType = sourcecode.c.objc; path = CategeroyController.m; sourceTree = "<group>"; };
/* End PBXFileReference section */

/* Begin PBXFrameworksBuildPhase section */
		D67F58951CA3927600D081A2 /* Frameworks */ = {
			isa = PBXFrameworksBuildPhase;
			buildActionMask = 2147483647;
			files = (
				78B979DCFFD25214A008BFF0 /* libPods.a in Frameworks */,
			);
			runOnlyForDeploymentPostprocessing = 0;
		};
		D67F58AE1CA3927700D081A2 /* Frameworks */ = {
			isa = PBXFrameworksBuildPhase;
			buildActionMask = 2147483647;
			files = (
			);
			runOnlyForDeploymentPostprocessing = 0;
		};
		D67F58B91CA3927700D081A2 /* Frameworks */ = {
			isa = PBXFrameworksBuildPhase;
			buildActionMask = 2147483647;
			files = (
			);
			runOnlyForDeploymentPostprocessing = 0;
		};
/* End PBXFrameworksBuildPhase section */

/* Begin PBXGroup section */
		D5AAA4E0CADB015AA1C78EB7 /* Frameworks */ = {
			isa = PBXGroup;
			children = (
				540E9AAF7BC9C496EA39C213 /* libPods.a */,
			);
			name = Frameworks;
			sourceTree = "<group>";
		};
		D67F588F1CA3927600D081A2 = {
			isa = PBXGroup;
			children = (
				D67F589A1CA3927600D081A2 /* BuildingMaterials */,
				D67F58B41CA3927700D081A2 /* BuildingMaterialsTests */,
				D67F58BF1CA3927700D081A2 /* BuildingMaterialsUITests */,
				D67F58991CA3927600D081A2 /* Products */,
				D90ED60D55952792489042F8 /* Pods */,
				D5AAA4E0CADB015AA1C78EB7 /* Frameworks */,
			);
			sourceTree = "<group>";
		};
		D67F58991CA3927600D081A2 /* Products */ = {
			isa = PBXGroup;
			children = (
				D67F58981CA3927600D081A2 /* BuildingMaterials.app */,
				D67F58B11CA3927700D081A2 /* BuildingMaterialsTests.xctest */,
				D67F58BC1CA3927700D081A2 /* BuildingMaterialsUITests.xctest */,
			);
			name = Products;
			sourceTree = "<group>";
		};
		D67F589A1CA3927600D081A2 /* BuildingMaterials */ = {
			isa = PBXGroup;
			children = (
				D67F58F81CA3BB5400D081A2 /* sources */,
				D67F58F11CA3A8E700D081A2 /* expand */,
				D67F58CE1CA394DA00D081A2 /* base */,
				D67F58D31CA394DA00D081A2 /* categeroy */,
				D67F58D41CA394DA00D081A2 /* finder */,
				D67F58D51CA394DA00D081A2 /* home */,
				D67F58DA1CA394DA00D081A2 /* personCenter */,
				D67F58DB1CA394DA00D081A2 /* store */,
				D67F589E1CA3927600D081A2 /* AppDelegate.h */,
				D67F589F1CA3927600D081A2 /* AppDelegate.m */,
				D67F58A41CA3927600D081A2 /* Main.storyboard */,
				D67F58A71CA3927600D081A2 /* Assets.xcassets */,
				D67F58A91CA3927600D081A2 /* LaunchScreen.storyboard */,
				D67F58AC1CA3927600D081A2 /* Info.plist */,
				D67F589B1CA3927600D081A2 /* Supporting Files */,
			);
			path = BuildingMaterials;
			sourceTree = "<group>";
		};
		D67F589B1CA3927600D081A2 /* Supporting Files */ = {
			isa = PBXGroup;
			children = (
				D67F589C1CA3927600D081A2 /* main.m */,
				D67F58F71CA3A96800D081A2 /* PrefixHeader.pch */,
			);
			name = "Supporting Files";
			sourceTree = "<group>";
		};
		D67F58B41CA3927700D081A2 /* BuildingMaterialsTests */ = {
			isa = PBXGroup;
			children = (
				D67F58B51CA3927700D081A2 /* BuildingMaterialsTests.m */,
				D67F58B71CA3927700D081A2 /* Info.plist */,
			);
			path = BuildingMaterialsTests;
			sourceTree = "<group>";
		};
		D67F58BF1CA3927700D081A2 /* BuildingMaterialsUITests */ = {
			isa = PBXGroup;
			children = (
				D67F58C01CA3927700D081A2 /* BuildingMaterialsUITests.m */,
				D67F58C21CA3927700D081A2 /* Info.plist */,
			);
			path = BuildingMaterialsUITests;
			sourceTree = "<group>";
		};
		D67F58CE1CA394DA00D081A2 /* base */ = {
			isa = PBXGroup;
			children = (
				D67F58CF1CA394DA00D081A2 /* model */,
				D67F58D01CA394DA00D081A2 /* other */,
				D67F58D11CA394DA00D081A2 /* vc */,
				D67F58D21CA394DA00D081A2 /* view */,
			);
			path = base;
			sourceTree = "<group>";
		};
		D67F58CF1CA394DA00D081A2 /* model */ = {
			isa = PBXGroup;
			children = (
			);
			path = model;
			sourceTree = "<group>";
		};
		D67F58D01CA394DA00D081A2 /* other */ = {
			isa = PBXGroup;
			children = (
			);
			path = other;
			sourceTree = "<group>";
		};
		D67F58D11CA394DA00D081A2 /* vc */ = {
			isa = PBXGroup;
			children = (
				D67F58E51CA397B800D081A2 /* LFNavigationController.h */,
				D67F58E61CA397B800D081A2 /* LFNavigationController.m */,
				D67F58E21CA3951E00D081A2 /* LFTabBarController.h */,
				D67F58E31CA3951E00D081A2 /* LFTabBarController.m */,
				D67F58EB1CA39FFB00D081A2 /* BaseController.h */,
				D67F58EC1CA39FFB00D081A2 /* BaseController.m */,
			);
			path = vc;
			sourceTree = "<group>";
		};
		D67F58D21CA394DA00D081A2 /* view */ = {
			isa = PBXGroup;
			children = (
				D67F58EE1CA3A69C00D081A2 /* ImagePlayerView.h */,
				D67F58EF1CA3A69C00D081A2 /* ImagePlayerView.m */,
				D67F58DC1CA3951000D081A2 /* LFTabBar.h */,
				D67F58DD1CA3951000D081A2 /* LFTabBar.m */,
				D67F58DE1CA3951000D081A2 /* LFTabBarButton.h */,
				D67F58DF1CA3951000D081A2 /* LFTabBarButton.m */,
			);
			path = view;
			sourceTree = "<group>";
		};
		D67F58D31CA394DA00D081A2 /* categeroy */ = {
			isa = PBXGroup;
			children = (
				D67F59221CA3D62300D081A2 /* CategeroyController.h */,
				D67F59231CA3D62300D081A2 /* CategeroyController.m */,
			);
			path = categeroy;
			sourceTree = "<group>";
		};
		D67F58D41CA394DA00D081A2 /* finder */ = {
			isa = PBXGroup;
			children = (
				D67F591C1CA3D5F000D081A2 /* FinderController.h */,
				D67F591D1CA3D5F000D081A2 /* FinderController.m */,
			);
			path = finder;
			sourceTree = "<group>";
		};
		D67F58D51CA394DA00D081A2 /* home */ = {
			isa = PBXGroup;
			children = (
				D67F58D61CA394DA00D081A2 /* model */,
				D67F58D71CA394DA00D081A2 /* other */,
				D67F58D81CA394DA00D081A2 /* vc */,
				D67F58D91CA394DA00D081A2 /* view */,
			);
			path = home;
			sourceTree = "<group>";
		};
		D67F58D61CA394DA00D081A2 /* model */ = {
			isa = PBXGroup;
			children = (
			);
			path = model;
			sourceTree = "<group>";
		};
		D67F58D71CA394DA00D081A2 /* other */ = {
			isa = PBXGroup;
			children = (
			);
			path = other;
			sourceTree = "<group>";
		};
		D67F58D81CA394DA00D081A2 /* vc */ = {
			isa = PBXGroup;
			children = (
				D67F58E81CA39ECB00D081A2 /* HomePageController.h */,
				D67F58E91CA39ECB00D081A2 /* HomePageController.m */,
				D67F590A1CA3C19F00D081A2 /* TestControllerViewController.h */,
				D67F590B1CA3C19F00D081A2 /* TestControllerViewController.m */,
			);
			path = vc;
			sourceTree = "<group>";
		};
		D67F58D91CA394DA00D081A2 /* view */ = {
			isa = PBXGroup;
			children = (
			);
			path = view;
			sourceTree = "<group>";
		};
		D67F58DA1CA394DA00D081A2 /* personCenter */ = {
			isa = PBXGroup;
			children = (
				D67F591F1CA3D60800D081A2 /* PersonCenterController.h */,
				D67F59201CA3D60800D081A2 /* PersonCenterController.m */,
			);
			path = personCenter;
			sourceTree = "<group>";
		};
		D67F58DB1CA394DA00D081A2 /* store */ = {
			isa = PBXGroup;
			children = (
				D67F59191CA3D5E300D081A2 /* StoreController.h */,
				D67F591A1CA3D5E300D081A2 /* StoreController.m */,
			);
			path = store;
			sourceTree = "<group>";
		};
		D67F58F11CA3A8E700D081A2 /* expand */ = {
			isa = PBXGroup;
			children = (
				D67F58F21CA3A8E700D081A2 /* Category */,
				D67F58F31CA3A8E700D081A2 /* Macros */,
				D67F58F41CA3A8E700D081A2 /* Network */,
				D67F58F51CA3A8E700D081A2 /* Tool */,
			);
			path = expand;
			sourceTree = "<group>";
		};
		D67F58F21CA3A8E700D081A2 /* Category */ = {
			isa = PBXGroup;
			children = (
			);
			path = Category;
			sourceTree = "<group>";
		};
		D67F58F31CA3A8E700D081A2 /* Macros */ = {
			isa = PBXGroup;
			children = (
				D67F58F61CA3A8F700D081A2 /* Macros.h */,
			);
			path = Macros;
			sourceTree = "<group>";
		};
		D67F58F41CA3A8E700D081A2 /* Network */ = {
			isa = PBXGroup;
			children = (
			);
			path = Network;
			sourceTree = "<group>";
		};
		D67F58F51CA3A8E700D081A2 /* Tool */ = {
			isa = PBXGroup;
			children = (
			);
			path = Tool;
			sourceTree = "<group>";
		};
		D67F58F81CA3BB5400D081A2 /* sources */ = {
			isa = PBXGroup;
			children = (
				D67F58F91CA3BB5400D081A2 /* images */,
			);
			path = sources;
			sourceTree = "<group>";
		};
		D67F58F91CA3BB5400D081A2 /* images */ = {
			isa = PBXGroup;
			children = (
				D67F59171CA3D4EF00D081A2 /* view_bg.png */,
				D67F59151CA3CEDE00D081A2 /* nav_bgr.png */,
				D67F590D1CA3C9C900D081A2 /* ad3.jpg */,
				D67F590E1CA3C9C900D081A2 /* ad2.jpg */,
				D67F590F1CA3C9C900D081A2 /* ad1.jpg */,
				D67F59081CA3BBBB00D081A2 /* ca8.png */,
				D67F58FA1CA3BB6300D081A2 /* ca7.png */,
				D67F58FB1CA3BB6300D081A2 /* ca2.png */,
				D67F58FC1CA3BB6300D081A2 /* ca4.png */,
				D67F58FD1CA3BB6300D081A2 /* ca5.png */,
				D67F58FE1CA3BB6300D081A2 /* ca3.png */,
				D67F58FF1CA3BB6300D081A2 /* ca1.png */,
				D67F59001CA3BB6300D081A2 /* ca6.png */,
				D67F59131CA3CDDD00D081A2 /* nav_bg_clear.png */,
			);
			path = images;
			sourceTree = "<group>";
		};
		D90ED60D55952792489042F8 /* Pods */ = {
			isa = PBXGroup;
			children = (
				D17AB49C4753FC274EAB5FD8 /* Pods.debug.xcconfig */,
				B95C483609831C6B5D353454 /* Pods.release.xcconfig */,
			);
			name = Pods;
			sourceTree = "<group>";
		};
/* End PBXGroup section */

/* Begin PBXNativeTarget section */
		D67F58971CA3927600D081A2 /* BuildingMaterials */ = {
			isa = PBXNativeTarget;
			buildConfigurationList = D67F58C51CA3927700D081A2 /* Build configuration list for PBXNativeTarget "BuildingMaterials" */;
			buildPhases = (
				B30CC10C4A486F8E8E2F2D58 /* Check Pods Manifest.lock */,
				D67F58941CA3927600D081A2 /* Sources */,
				D67F58951CA3927600D081A2 /* Frameworks */,
				D67F58961CA3927600D081A2 /* Resources */,
				5BE66170A78CDC8157D1DA51 /* Copy Pods Resources */,
			);
			buildRules = (
			);
			dependencies = (
			);
			name = BuildingMaterials;
			productName = BuildingMaterials;
			productReference = D67F58981CA3927600D081A2 /* BuildingMaterials.app */;
			productType = "com.apple.product-type.application";
		};
		D67F58B01CA3927700D081A2 /* BuildingMaterialsTests */ = {
			isa = PBXNativeTarget;
			buildConfigurationList = D67F58C81CA3927700D081A2 /* Build configuration list for PBXNativeTarget "BuildingMaterialsTests" */;
			buildPhases = (
				D67F58AD1CA3927700D081A2 /* Sources */,
				D67F58AE1CA3927700D081A2 /* Frameworks */,
				D67F58AF1CA3927700D081A2 /* Resources */,
			);
			buildRules = (
			);
			dependencies = (
				D67F58B31CA3927700D081A2 /* PBXTargetDependency */,
			);
			name = BuildingMaterialsTests;
			productName = BuildingMaterialsTests;
			productReference = D67F58B11CA3927700D081A2 /* BuildingMaterialsTests.xctest */;
			productType = "com.apple.product-type.bundle.unit-test";
		};
		D67F58BB1CA3927700D081A2 /* BuildingMaterialsUITests */ = {
			isa = PBXNativeTarget;
			buildConfigurationList = D67F58CB1CA3927700D081A2 /* Build configuration list for PBXNativeTarget "BuildingMaterialsUITests" */;
			buildPhases = (
				D67F58B81CA3927700D081A2 /* Sources */,
				D67F58B91CA3927700D081A2 /* Frameworks */,
				D67F58BA1CA3927700D081A2 /* Resources */,
			);
			buildRules = (
			);
			dependencies = (
				D67F58BE1CA3927700D081A2 /* PBXTargetDependency */,
			);
			name = BuildingMaterialsUITests;
			productName = BuildingMaterialsUITests;
			productReference = D67F58BC1CA3927700D081A2 /* BuildingMaterialsUITests.xctest */;
			productType = "com.apple.product-type.bundle.ui-testing";
		};
/* End PBXNativeTarget section */

/* Begin PBXProject section */
		D67F58901CA3927600D081A2 /* Project object */ = {
			isa = PBXProject;
			attributes = {
				LastUpgradeCheck = 0720;
				ORGANIZATIONNAME = longfeng.com;
				TargetAttributes = {
					D67F58971CA3927600D081A2 = {
						CreatedOnToolsVersion = 7.2;
						DevelopmentTeam = E78BMC27NU;
					};
					D67F58B01CA3927700D081A2 = {
						CreatedOnToolsVersion = 7.2;
						DevelopmentTeam = E78BMC27NU;
						TestTargetID = D67F58971CA3927600D081A2;
					};
					D67F58BB1CA3927700D081A2 = {
						CreatedOnToolsVersion = 7.2;
						DevelopmentTeam = E78BMC27NU;
						TestTargetID = D67F58971CA3927600D081A2;
					};
				};
			};
			buildConfigurationList = D67F58931CA3927600D081A2 /* Build configuration list for PBXProject "BuildingMaterials" */;
			compatibilityVersion = "Xcode 3.2";
			developmentRegion = English;
			hasScannedForEncodings = 0;
			knownRegions = (
				en,
				Base,
			);
			mainGroup = D67F588F1CA3927600D081A2;
			productRefGroup = D67F58991CA3927600D081A2 /* Products */;
			projectDirPath = "";
			projectRoot = "";
			targets = (
				D67F58971CA3927600D081A2 /* BuildingMaterials */,
				D67F58B01CA3927700D081A2 /* BuildingMaterialsTests */,
				D67F58BB1CA3927700D081A2 /* BuildingMaterialsUITests */,
			);
		};
/* End PBXProject section */

/* Begin PBXResourcesBuildPhase section */
		D67F58961CA3927600D081A2 /* Resources */ = {
			isa = PBXResourcesBuildPhase;
			buildActionMask = 2147483647;
			files = (
				D67F59181CA3D4EF00D081A2 /* view_bg.png in Resources */,
				D67F59031CA3BB6300D081A2 /* ca4.png in Resources */,
				D67F59111CA3C9C900D081A2 /* ad2.jpg in Resources */,
				D67F59121CA3C9C900D081A2 /* ad1.jpg in Resources */,
				D67F59051CA3BB6300D081A2 /* ca3.png in Resources */,
				D67F59091CA3BBBB00D081A2 /* ca8.png in Resources */,
				D67F59071CA3BB6300D081A2 /* ca6.png in Resources */,
				D67F58AB1CA3927600D081A2 /* LaunchScreen.storyboard in Resources */,
				D67F59021CA3BB6300D081A2 /* ca2.png in Resources */,
				D67F59101CA3C9C900D081A2 /* ad3.jpg in Resources */,
				D67F59011CA3BB6300D081A2 /* ca7.png in Resources */,
				D67F59141CA3CDDD00D081A2 /* nav_bg_clear.png in Resources */,
				D67F58A81CA3927600D081A2 /* Assets.xcassets in Resources */,
				D67F59061CA3BB6300D081A2 /* ca1.png in Resources */,
				D67F59161CA3CEDE00D081A2 /* nav_bgr.png in Resources */,
				D67F59041CA3BB6300D081A2 /* ca5.png in Resources */,
				D67F58A61CA3927600D081A2 /* Main.storyboard in Resources */,
			);
			runOnlyForDeploymentPostprocessing = 0;
		};
		D67F58AF1CA3927700D081A2 /* Resources */ = {
			isa = PBXResourcesBuildPhase;
			buildActionMask = 2147483647;
			files = (
			);
			runOnlyForDeploymentPostprocessing = 0;
		};
		D67F58BA1CA3927700D081A2 /* Resources */ = {
			isa = PBXResourcesBuildPhase;
			buildActionMask = 2147483647;
			files = (
			);
			runOnlyForDeploymentPostprocessing = 0;
		};
/* End PBXResourcesBuildPhase section */

/* Begin PBXShellScriptBuildPhase section */
		5BE66170A78CDC8157D1DA51 /* Copy Pods Resources */ = {
			isa = PBXShellScriptBuildPhase;
			buildActionMask = 2147483647;
			files = (
			);
			inputPaths = (
			);
			name = "Copy Pods Resources";
			outputPaths = (
			);
			runOnlyForDeploymentPostprocessing = 0;
			shellPath = /bin/sh;
			shellScript = "\"${SRCROOT}/Pods/Target Support Files/Pods/Pods-resources.sh\"\n";
			showEnvVarsInLog = 0;
		};
		B30CC10C4A486F8E8E2F2D58 /* Check Pods Manifest.lock */ = {
			isa = PBXShellScriptBuildPhase;
			buildActionMask = 2147483647;
			files = (
			);
			inputPaths = (
			);
			name = "Check Pods Manifest.lock";
			outputPaths = (
			);
			runOnlyForDeploymentPostprocessing = 0;
			shellPath = /bin/sh;
			shellScript = "diff \"${PODS_ROOT}/../Podfile.lock\" \"${PODS_ROOT}/Manifest.lock\" > /dev/null\nif [[ $? != 0 ]] ; then\n    cat << EOM\nerror: The sandbox is not in sync with the Podfile.lock. Run 'pod install' or update your CocoaPods installation.\nEOM\n    exit 1\nfi\n";
			showEnvVarsInLog = 0;
		};
/* End PBXShellScriptBuildPhase section */

/* Begin PBXSourcesBuildPhase section */
		D67F58941CA3927600D081A2 /* Sources */ = {
			isa = PBXSourcesBuildPhase;
			buildActionMask = 2147483647;
			files = (
				D67F58EA1CA39ECB00D081A2 /* HomePageController.m in Sources */,
				D67F591E1CA3D5F000D081A2 /* FinderController.m in Sources */,
				D67F591B1CA3D5E300D081A2 /* StoreController.m in Sources */,
				D67F58E41CA3951E00D081A2 /* LFTabBarController.m in Sources */,
				D67F58ED1CA39FFB00D081A2 /* BaseController.m in Sources */,
				D67F59211CA3D60800D081A2 /* PersonCenterController.m in Sources */,
				D67F58A01CA3927600D081A2 /* AppDelegate.m in Sources */,
				D67F58F01CA3A69C00D081A2 /* ImagePlayerView.m in Sources */,
				D67F58E11CA3951000D081A2 /* LFTabBarButton.m in Sources */,
				D67F59241CA3D62300D081A2 /* CategeroyController.m in Sources */,
				D67F590C1CA3C19F00D081A2 /* TestControllerViewController.m in Sources */,
				D67F58E71CA397B800D081A2 /* LFNavigationController.m in Sources */,
				D67F589D1CA3927600D081A2 /* main.m in Sources */,
				D67F58E01CA3951000D081A2 /* LFTabBar.m in Sources */,
			);
			runOnlyForDeploymentPostprocessing = 0;
		};
		D67F58AD1CA3927700D081A2 /* Sources */ = {
			isa = PBXSourcesBuildPhase;
			buildActionMask = 2147483647;
			files = (
				D67F58B61CA3927700D081A2 /* BuildingMaterialsTests.m in Sources */,
			);
			runOnlyForDeploymentPostprocessing = 0;
		};
		D67F58B81CA3927700D081A2 /* Sources */ = {
			isa = PBXSourcesBuildPhase;
			buildActionMask = 2147483647;
			files = (
				D67F58C11CA3927700D081A2 /* BuildingMaterialsUITests.m in Sources */,
			);
			runOnlyForDeploymentPostprocessing = 0;
		};
/* End PBXSourcesBuildPhase section */

/* Begin PBXTargetDependency section */
		D67F58B31CA3927700D081A2 /* PBXTargetDependency */ = {
			isa = PBXTargetDependency;
			target = D67F58971CA3927600D081A2 /* BuildingMaterials */;
			targetProxy = D67F58B21CA3927700D081A2 /* PBXContainerItemProxy */;
		};
		D67F58BE1CA3927700D081A2 /* PBXTargetDependency */ = {
			isa = PBXTargetDependency;
			target = D67F58971CA3927600D081A2 /* BuildingMaterials */;
			targetProxy = D67F58BD1CA3927700D081A2 /* PBXContainerItemProxy */;
		};
/* End PBXTargetDependency section */

/* Begin PBXVariantGroup section */
		D67F58A41CA3927600D081A2 /* Main.storyboard */ = {
			isa = PBXVariantGroup;
			children = (
				D67F58A51CA3927600D081A2 /* Base */,
			);
			name = Main.storyboard;
			sourceTree = "<group>";
		};
		D67F58A91CA3927600D081A2 /* LaunchScreen.storyboard */ = {
			isa = PBXVariantGroup;
			children = (
				D67F58AA1CA3927600D081A2 /* Base */,
			);
			name = LaunchScreen.storyboard;
			sourceTree = "<group>";
		};
/* End PBXVariantGroup section */

/* Begin XCBuildConfiguration section */
		D67F58C31CA3927700D081A2 /* Debug */ = {
			isa = XCBuildConfiguration;
			buildSettings = {
				ALWAYS_SEARCH_USER_PATHS = NO;
				CLANG_CXX_LANGUAGE_STANDARD = "gnu++0x";
				CLANG_CXX_LIBRARY = "libc++";
				CLANG_ENABLE_MODULES = YES;
				CLANG_ENABLE_OBJC_ARC = YES;
				CLANG_WARN_BOOL_CONVERSION = YES;
				CLANG_WARN_CONSTANT_CONVERSION = YES;
				CLANG_WARN_DIRECT_OBJC_ISA_USAGE = YES_ERROR;
				CLANG_WARN_EMPTY_BODY = YES;
				CLANG_WARN_ENUM_CONVERSION = YES;
				CLANG_WARN_INT_CONVERSION = YES;
				CLANG_WARN_OBJC_ROOT_CLASS = YES_ERROR;
				CLANG_WARN_UNREACHABLE_CODE = YES;
				CLANG_WARN__DUPLICATE_METHOD_MATCH = YES;
				"CODE_SIGN_IDENTITY[sdk=iphoneos*]" = "iPhone Developer";
				COPY_PHASE_STRIP = NO;
				DEBUG_INFORMATION_FORMAT = dwarf;
				ENABLE_STRICT_OBJC_MSGSEND = YES;
				ENABLE_TESTABILITY = YES;
				GCC_C_LANGUAGE_STANDARD = gnu99;
				GCC_DYNAMIC_NO_PIC = NO;
				GCC_NO_COMMON_BLOCKS = YES;
				GCC_OPTIMIZATION_LEVEL = 0;
				GCC_PREPROCESSOR_DEFINITIONS = (
					"DEBUG=1",
					"$(inherited)",
				);
				GCC_WARN_64_TO_32_BIT_CONVERSION = YES;
				GCC_WARN_ABOUT_RETURN_TYPE = YES_ERROR;
				GCC_WARN_UNDECLARED_SELECTOR = YES;
				GCC_WARN_UNINITIALIZED_AUTOS = YES_AGGRESSIVE;
				GCC_WARN_UNUSED_FUNCTION = YES;
				GCC_WARN_UNUSED_VARIABLE = YES;
				IPHONEOS_DEPLOYMENT_TARGET = 9.2;
				MTL_ENABLE_DEBUG_INFO = YES;
				ONLY_ACTIVE_ARCH = YES;
				SDKROOT = iphoneos;
			};
			name = Debug;
		};
		D67F58C41CA3927700D081A2 /* Release */ = {
			isa = XCBuildConfiguration;
			buildSettings = {
				ALWAYS_SEARCH_USER_PATHS = NO;
				CLANG_CXX_LANGUAGE_STANDARD = "gnu++0x";
				CLANG_CXX_LIBRARY = "libc++";
				CLANG_ENABLE_MODULES = YES;
				CLANG_ENABLE_OBJC_ARC = YES;
				CLANG_WARN_BOOL_CONVERSION = YES;
				CLANG_WARN_CONSTANT_CONVERSION = YES;
				CLANG_WARN_DIRECT_OBJC_ISA_USAGE = YES_ERROR;
				CLANG_WARN_EMPTY_BODY = YES;
				CLANG_WARN_ENUM_CONVERSION = YES;
				CLANG_WARN_INT_CONVERSION = YES;
				CLANG_WARN_OBJC_ROOT_CLASS = YES_ERROR;
				CLANG_WARN_UNREACHABLE_CODE = YES;
				CLANG_WARN__DUPLICATE_METHOD_MATCH = YES;
				"CODE_SIGN_IDENTITY[sdk=iphoneos*]" = "iPhone Developer";
				COPY_PHASE_STRIP = NO;
				DEBUG_INFORMATION_FORMAT = "dwarf-with-dsym";
				ENABLE_NS_ASSERTIONS = NO;
				ENABLE_STRICT_OBJC_MSGSEND = YES;
				GCC_C_LANGUAGE_STANDARD = gnu99;
				GCC_NO_COMMON_BLOCKS = YES;
				GCC_WARN_64_TO_32_BIT_CONVERSION = YES;
				GCC_WARN_ABOUT_RETURN_TYPE = YES_ERROR;
				GCC_WARN_UNDECLARED_SELECTOR = YES;
				GCC_WARN_UNINITIALIZED_AUTOS = YES_AGGRESSIVE;
				GCC_WARN_UNUSED_FUNCTION = YES;
				GCC_WARN_UNUSED_VARIABLE = YES;
				IPHONEOS_DEPLOYMENT_TARGET = 9.2;
				MTL_ENABLE_DEBUG_INFO = NO;
				SDKROOT = iphoneos;
				VALIDATE_PRODUCT = YES;
			};
			name = Release;
		};
		D67F58C61CA3927700D081A2 /* Debug */ = {
			isa = XCBuildConfiguration;
			baseConfigurationReference = D17AB49C4753FC274EAB5FD8 /* Pods.debug.xcconfig */;
			buildSettings = {
				ASSETCATALOG_COMPILER_APPICON_NAME = AppIcon;
				GCC_PREFIX_HEADER = "/Users/longfeng/Desktop/便利查/BuildingMaterials/BuildingMaterials/PrefixHeader.pch";
				INFOPLIST_FILE = BuildingMaterials/Info.plist;
				LD_RUNPATH_SEARCH_PATHS = "$(inherited) @executable_path/Frameworks";
				PRODUCT_BUNDLE_IDENTIFIER = longfeng.BuildingMaterials;
				PRODUCT_NAME = "$(TARGET_NAME)";
			};
			name = Debug;
		};
		D67F58C71CA3927700D081A2 /* Release */ = {
			isa = XCBuildConfiguration;
			baseConfigurationReference = B95C483609831C6B5D353454 /* Pods.release.xcconfig */;
			buildSettings = {
				ASSETCATALOG_COMPILER_APPICON_NAME = AppIcon;
				GCC_PREFIX_HEADER = "/Users/longfeng/Desktop/便利查/BuildingMaterials/BuildingMaterials/PrefixHeader.pch";
				INFOPLIST_FILE = BuildingMaterials/Info.plist;
				LD_RUNPATH_SEARCH_PATHS = "$(inherited) @executable_path/Frameworks";
				PRODUCT_BUNDLE_IDENTIFIER = longfeng.BuildingMaterials;
				PRODUCT_NAME = "$(TARGET_NAME)";
			};
			name = Release;
		};
		D67F58C91CA3927700D081A2 /* Debug */ = {
			isa = XCBuildConfiguration;
			buildSettings = {
				BUNDLE_LOADER = "$(TEST_HOST)";
				INFOPLIST_FILE = BuildingMaterialsTests/Info.plist;
				LD_RUNPATH_SEARCH_PATHS = "$(inherited) @executable_path/Frameworks @loader_path/Frameworks";
				PRODUCT_BUNDLE_IDENTIFIER = longfeng.BuildingMaterialsTests;
				PRODUCT_NAME = "$(TARGET_NAME)";
				TEST_HOST = "$(BUILT_PRODUCTS_DIR)/BuildingMaterials.app/BuildingMaterials";
			};
			name = Debug;
		};
		D67F58CA1CA3927700D081A2 /* Release */ = {
			isa = XCBuildConfiguration;
			buildSettings = {
				BUNDLE_LOADER = "$(TEST_HOST)";
				INFOPLIST_FILE = BuildingMaterialsTests/Info.plist;
				LD_RUNPATH_SEARCH_PATHS = "$(inherited) @executable_path/Frameworks @loader_path/Frameworks";
				PRODUCT_BUNDLE_IDENTIFIER = longfeng.BuildingMaterialsTests;
				PRODUCT_NAME = "$(TARGET_NAME)";
				TEST_HOST = "$(BUILT_PRODUCTS_DIR)/BuildingMaterials.app/BuildingMaterials";
			};
			name = Release;
		};
		D67F58CC1CA3927700D081A2 /* Debug */ = {
			isa = XCBuildConfiguration;
			buildSettings = {
				INFOPLIST_FILE = BuildingMaterialsUITests/Info.plist;
				LD_RUNPATH_SEARCH_PATHS = "$(inherited) @executable_path/Frameworks @loader_path/Frameworks";
				PRODUCT_BUNDLE_IDENTIFIER = longfeng.BuildingMaterialsUITests;
				PRODUCT_NAME = "$(TARGET_NAME)";
				TEST_TARGET_NAME = BuildingMaterials;
				USES_XCTRUNNER = YES;
			};
			name = Debug;
		};
		D67F58CD1CA3927700D081A2 /* Release */ = {
			isa = XCBuildConfiguration;
			buildSettings = {
				INFOPLIST_FILE = BuildingMaterialsUITests/Info.plist;
				LD_RUNPATH_SEARCH_PATHS = "$(inherited) @executable_path/Frameworks @loader_path/Frameworks";
				PRODUCT_BUNDLE_IDENTIFIER = longfeng.BuildingMaterialsUITests;
				PRODUCT_NAME = "$(TARGET_NAME)";
				TEST_TARGET_NAME = BuildingMaterials;
				USES_XCTRUNNER = YES;
			};
			name = Release;
		};
/* End XCBuildConfiguration section */

/* Begin XCConfigurationList section */
		D67F58931CA3927600D081A2 /* Build configuration list for PBXProject "BuildingMaterials" */ = {
			isa = XCConfigurationList;
			buildConfigurations = (
				D67F58C31CA3927700D081A2 /* Debug */,
				D67F58C41CA3927700D081A2 /* Release */,
			);
			defaultConfigurationIsVisible = 0;
			defaultConfigurationName = Release;
		};
		D67F58C51CA3927700D081A2 /* Build configuration list for PBXNativeTarget "BuildingMaterials" */ = {
			isa = XCConfigurationList;
			buildConfigurations = (
				D67F58C61CA3927700D081A2 /* Debug */,
				D67F58C71CA3927700D081A2 /* Release */,
			);
			defaultConfigurationIsVisible = 0;
			defaultConfigurationName = Release;
		};
		D67F58C81CA3927700D081A2 /* Build configuration list for PBXNativeTarget "BuildingMaterialsTests" */ = {
			isa = XCConfigurationList;
			buildConfigurations = (
				D67F58C91CA3927700D081A2 /* Debug */,
				D67F58CA1CA3927700D081A2 /* Release */,
			);
			defaultConfigurationIsVisible = 0;
			defaultConfigurationName = Release;
		};
		D67F58CB1CA3927700D081A2 /* Build configuration list for PBXNativeTarget "BuildingMaterialsUITests" */ = {
			isa = XCConfigurationList;
			buildConfigurations = (
				D67F58CC1CA3927700D081A2 /* Debug */,
				D67F58CD1CA3927700D081A2 /* Release */,
			);
			defaultConfigurationIsVisible = 0;
			defaultConfigurationName = Release;
		};
/* End XCConfigurationList section */
	};
	rootObject = D67F58901CA3927600D081A2 /* Project object */;
}
